<?xml version="1.0" encoding="utf-8"?>
<Project ToolsVersion="4.0" xmlns="http://schemas.microsoft.com/developer/msbuild/2003">
  <ItemGroup>
    <ClCompile Include="j1App.cpp" />
    <ClCompile Include="j1Audio.cpp">
      <Filter>Module</Filter>
    </ClCompile>
    <ClCompile Include="j1FileSystem.cpp">
      <Filter>Module</Filter>
    </ClCompile>
    <ClCompile Include="j1Fonts.cpp">
      <Filter>Module</Filter>
    </ClCompile>
    <ClCompile Include="j1Input.cpp">
      <Filter>Module</Filter>
    </ClCompile>
    <ClCompile Include="j1Main.cpp">
      <Filter>Module</Filter>
    </ClCompile>
    <ClCompile Include="j1Map.cpp">
      <Filter>Module</Filter>
    </ClCompile>
    <ClCompile Include="j1Pathfinding.cpp">
      <Filter>Module</Filter>
    </ClCompile>
    <ClCompile Include="j1PerfTimer.cpp">
      <Filter>Module</Filter>
    </ClCompile>
    <ClCompile Include="j1Render.cpp">
      <Filter>Module</Filter>
    </ClCompile>
    <ClCompile Include="j1Textures.cpp">
      <Filter>Module</Filter>
    </ClCompile>
    <ClCompile Include="j1Timer.cpp">
      <Filter>Module</Filter>
    </ClCompile>
    <ClCompile Include="UIButton.cpp">
      <Filter>UI</Filter>
    </ClCompile>
    <ClCompile Include="UICursor.cpp">
      <Filter>UI</Filter>
    </ClCompile>
    <ClCompile Include="UIEntity.cpp">
      <Filter>UI</Filter>
    </ClCompile>
    <ClCompile Include="UIImage.cpp">
      <Filter>UI</Filter>
    </ClCompile>
    <ClCompile Include="UIInputBox.cpp">
      <Filter>UI</Filter>
    </ClCompile>
    <ClCompile Include="UILabel.cpp">
      <Filter>UI</Filter>
    </ClCompile>
    <ClCompile Include="UIMiniMap.cpp">
      <Filter>UI</Filter>
    </ClCompile>
    <ClCompile Include="UIProgressBar.cpp">
      <Filter>UI</Filter>
    </ClCompile>
    <ClCompile Include="j1UIManager.cpp">
      <Filter>UI</Filter>
    </ClCompile>
    <ClCompile Include="Building.cpp">
      <Filter>Entity</Filter>
    </ClCompile>
    <ClCompile Include="Bullet.cpp">
      <Filter>Entity</Filter>
    </ClCompile>
    <ClCompile Include="Entity.cpp">
      <Filter>Entity</Filter>
    </ClCompile>
    <ClCompile Include="EntityManager.cpp">
      <Filter>Entity</Filter>
    </ClCompile>
    <ClCompile Include="Firebat.cpp">
      <Filter>Entity</Filter>
    </ClCompile>
    <ClCompile Include="Unit.cpp">
      <Filter>Entity</Filter>
    </ClCompile>
    <ClCompile Include="Projectile.cpp">
      <Filter>Entity</Filter>
    </ClCompile>
    <ClCompile Include="Medic.cpp">
      <Filter>Entity</Filter>
    </ClCompile>
    <ClCompile Include="Marine.cpp">
      <Filter>Entity</Filter>
    </ClCompile>
    <ClCompile Include="j1Window.cpp">
      <Filter>Module</Filter>
    </ClCompile>
    <ClCompile Include="p2Log.cpp">
      <Filter>Tools</Filter>
    </ClCompile>
    <ClCompile Include="PugiXml\src\pugixml.cpp">
      <Filter>Tools</Filter>
    </ClCompile>
    <ClCompile Include="DevScene.cpp">
      <Filter>Scenes</Filter>
    </ClCompile>
    <ClCompile Include="GameScene.cpp">
      <Filter>Scenes</Filter>
    </ClCompile>
    <ClCompile Include="MenuScene.cpp">
      <Filter>Scenes</Filter>
    </ClCompile>
    <ClCompile Include="SceneManager.cpp">
      <Filter>Scenes</Filter>
    </ClCompile>
    <ClCompile Include="EventsManager.cpp">
      <Filter>Module</Filter>
    </ClCompile>
    <ClCompile Include="FogOfWar.cpp">
      <Filter>Module</Filter>
    </ClCompile>
    <ClCompile Include="TacticalAI.cpp">
      <Filter>AI</Filter>
    </ClCompile>
  </ItemGroup>
  <ItemGroup>
    <ClInclude Include="j1App.h" />
    <ClInclude Include="Animation.h">
      <Filter>Module</Filter>
    </ClInclude>
    <ClInclude Include="j1Audio.h">
      <Filter>Module</Filter>
    </ClInclude>
    <ClInclude Include="j1FileSystem.h">
      <Filter>Module</Filter>
    </ClInclude>
    <ClInclude Include="j1Fonts.h">
      <Filter>Module</Filter>
    </ClInclude>
    <ClInclude Include="j1Input.h">
      <Filter>Module</Filter>
    </ClInclude>
    <ClInclude Include="j1Map.h">
      <Filter>Module</Filter>
    </ClInclude>
    <ClInclude Include="j1Module.h">
      <Filter>Module</Filter>
    </ClInclude>
    <ClInclude Include="j1Pathfinding.h">
      <Filter>Module</Filter>
    </ClInclude>
    <ClInclude Include="j1PerfTimer.h">
      <Filter>Module</Filter>
    </ClInclude>
    <ClInclude Include="j1Render.h">
      <Filter>Module</Filter>
    </ClInclude>
    <ClInclude Include="j1Textures.h">
      <Filter>Module</Filter>
    </ClInclude>
    <ClInclude Include="j1Timer.h">
      <Filter>Module</Filter>
    </ClInclude>
    <ClInclude Include="UIProgressBar.h">
      <Filter>UI</Filter>
    </ClInclude>
    <ClInclude Include="UIButton.h">
      <Filter>UI</Filter>
    </ClInclude>
    <ClInclude Include="UICursor.h">
      <Filter>UI</Filter>
    </ClInclude>
    <ClInclude Include="UIEntity.h">
      <Filter>UI</Filter>
    </ClInclude>
    <ClInclude Include="UIImage.h">
      <Filter>UI</Filter>
    </ClInclude>
    <ClInclude Include="UIInputBox.h">
      <Filter>UI</Filter>
    </ClInclude>
    <ClInclude Include="UILabel.h">
      <Filter>UI</Filter>
    </ClInclude>
    <ClInclude Include="UIMiniMap.h">
      <Filter>UI</Filter>
    </ClInclude>
    <ClInclude Include="j1UIManager.h">
      <Filter>UI</Filter>
    </ClInclude>
    <ClInclude Include="Building.h">
      <Filter>Entity</Filter>
    </ClInclude>
    <ClInclude Include="Bullet.h">
      <Filter>Entity</Filter>
    </ClInclude>
    <ClInclude Include="Entity.h">
      <Filter>Entity</Filter>
    </ClInclude>
    <ClInclude Include="EntityManager.h">
      <Filter>Entity</Filter>
    </ClInclude>
    <ClInclude Include="Firebat.h">
      <Filter>Entity</Filter>
    </ClInclude>
    <ClInclude Include="Unit.h">
      <Filter>Entity</Filter>
    </ClInclude>
    <ClInclude Include="Projectile.h">
      <Filter>Entity</Filter>
    </ClInclude>
    <ClInclude Include="Medic.h">
      <Filter>Entity</Filter>
    </ClInclude>
    <ClInclude Include="Marine.h">
      <Filter>Entity</Filter>
    </ClInclude>
    <ClInclude Include="j1Window.h">
      <Filter>Module</Filter>
    </ClInclude>
    <ClInclude Include="AdvancedMath.h">
      <Filter>Tools</Filter>
    </ClInclude>
    <ClInclude Include="memleaks.h">
      <Filter>Tools</Filter>
    </ClInclude>
    <ClInclude Include="p2Defs.h">
      <Filter>Tools</Filter>
    </ClInclude>
    <ClInclude Include="p2Log.h">
      <Filter>Tools</Filter>
    </ClInclude>
    <ClInclude Include="p2Point.h">
      <Filter>Tools</Filter>
    </ClInclude>
    <ClInclude Include="PugiXml\src\pugiconfig.hpp">
      <Filter>Tools</Filter>
    </ClInclude>
    <ClInclude Include="PugiXml\src\pugixml.hpp">
      <Filter>Tools</Filter>
    </ClInclude>
    <ClInclude Include="DevScene.h">
      <Filter>Scenes</Filter>
    </ClInclude>
    <ClInclude Include="GameScene.h">
      <Filter>Scenes</Filter>
    </ClInclude>
    <ClInclude Include="MenuScene.h">
      <Filter>Scenes</Filter>
    </ClInclude>
    <ClInclude Include="SceneManager.h">
      <Filter>Scenes</Filter>
    </ClInclude>
    <ClInclude Include="EventsManager.h">
      <Filter>Module</Filter>
    </ClInclude>
    <ClInclude Include="FogOfWar.h">
      <Filter>Module</Filter>
    </ClInclude>
    <ClInclude Include="TacticalAI.h">
      <Filter>AI</Filter>
    </ClInclude>
  </ItemGroup>
  <ItemGroup>
    <Filter Include="Module">
      <UniqueIdentifier>{0f3b8c6a-d97d-49a1-885d-f358e2741525}</UniqueIdentifier>
    </Filter>
    <Filter Include="UI">
      <UniqueIdentifier>{71d3cb3b-1625-4f69-8787-8550785eb6b7}</UniqueIdentifier>
    </Filter>
    <Filter Include="Entity">
      <UniqueIdentifier>{ee3e1a61-5833-448b-b691-e15a28f2068e}</UniqueIdentifier>
    </Filter>
    <Filter Include="Tools">
      <UniqueIdentifier>{871bb7df-7241-41bb-a5e7-157541fde492}</UniqueIdentifier>
    </Filter>
    <Filter Include="Scenes">
      <UniqueIdentifier>{92e3e0c9-02b4-4a4a-adad-ea0d87fcc56d}</UniqueIdentifier>
    </Filter>
    <Filter Include="AI">
      <UniqueIdentifier>{3ae41815-a86b-4f0b-bd29-bc8e4b30c053}</UniqueIdentifier>
    </Filter>
    <Filter Include="Snippets">
      <UniqueIdentifier>{57676c7b-df05-4c50-b2bc-125e12b25836}</UniqueIdentifier>
    </Filter>
  </ItemGroup>
  <ItemGroup>
    <Xml Include="IterateList.snippet">
      <Filter>Snippets</Filter>
    </Xml>
  </ItemGroup>
</Project>